// !$*UTF8*$!
{
	archiveVersion = 1;
	classes = {
	};
	objectVersion = 46;
	objects = {

/* Begin PBXBuildFile section */
		3E89EB871D5A340000C67445 /* AppDelegate.swift in Sources */ = {isa = PBXBuildFile; fileRef = 3E89EB861D5A340000C67445 /* AppDelegate.swift */; };
		3E89EB891D5A340000C67445 /* ViewController.swift in Sources */ = {isa = PBXBuildFile; fileRef = 3E89EB881D5A340000C67445 /* ViewController.swift */; };
		3E89EB8C1D5A340000C67445 /* Main.storyboard in Resources */ = {isa = PBXBuildFile; fileRef = 3E89EB8A1D5A340000C67445 /* Main.storyboard */; };
		3E89EB8F1D5A340000C67445 /* NumberDialer.xcdatamodeld in Sources */ = {isa = PBXBuildFile; fileRef = 3E89EB8D1D5A340000C67445 /* NumberDialer.xcdatamodeld */; };
		3E89EB911D5A340000C67445 /* Assets.xcassets in Resources */ = {isa = PBXBuildFile; fileRef = 3E89EB901D5A340000C67445 /* Assets.xcassets */; };
		3E89EB941D5A340000C67445 /* LaunchScreen.storyboard in Resources */ = {isa = PBXBuildFile; fileRef = 3E89EB921D5A340000C67445 /* LaunchScreen.storyboard */; };
		3E89EB9F1D5A340000C67445 /* NumberDialerTests.swift in Sources */ = {isa = PBXBuildFile; fileRef = 3E89EB9E1D5A340000C67445 /* NumberDialerTests.swift */; };
		3E89EBAA1D5A340000C67445 /* NumberDialerUITests.swift in Sources */ = {isa = PBXBuildFile; fileRef = 3E89EBA91D5A340000C67445 /* NumberDialerUITests.swift */; };
/* End PBXBuildFile section */

/* Begin PBXContainerItemProxy section */
		3E89EB9B1D5A340000C67445 /* PBXContainerItemProxy */ = {
			isa = PBXContainerItemProxy;
			containerPortal = 3E89EB7B1D5A340000C67445 /* Project object */;
			proxyType = 1;
			remoteGlobalIDString = 3E89EB821D5A340000C67445;
			remoteInfo = NumberDialer;
		};
		3E89EBA61D5A340000C67445 /* PBXContainerItemProxy */ = {
			isa = PBXContainerItemProxy;
			containerPortal = 3E89EB7B1D5A340000C67445 /* Project object */;
			proxyType = 1;
			remoteGlobalIDString = 3E89EB821D5A340000C67445;
			remoteInfo = NumberDialer;
		};
/* End PBXContainerItemProxy section */

/* Begin PBXFileReference section */
		3E89EB831D5A340000C67445 /* NumberDialer.app */ = {isa = PBXFileReference; explicitFileType = wrapper.application; includeInIndex = 0; path = NumberDialer.app; sourceTree = BUILT_PRODUCTS_DIR; };
		3E89EB861D5A340000C67445 /* AppDelegate.swift */ = {isa = PBXFileReference; lastKnownFileType = sourcecode.swift; path = AppDelegate.swift; sourceTree = "<group>"; };
		3E89EB881D5A340000C67445 /* ViewController.swift */ = {isa = PBXFileReference; lastKnownFileType = sourcecode.swift; path = ViewController.swift; sourceTree = "<group>"; };
		3E89EB8B1D5A340000C67445 /* Base */ = {isa = PBXFileReference; lastKnownFileType = file.storyboard; name = Base; path = Base.lproj/Main.storyboard; sourceTree = "<group>"; };
		3E89EB8E1D5A340000C67445 /* NumberDialer.xcdatamodel */ = {isa = PBXFileReference; lastKnownFileType = wrapper.xcdatamodel; path = NumberDialer.xcdatamodel; sourceTree = "<group>"; };
		3E89EB901D5A340000C67445 /* Assets.xcassets */ = {isa = PBXFileReference; lastKnownFileType = folder.assetcatalog; path = Assets.xcassets; sourceTree = "<group>"; };
		3E89EB931D5A340000C67445 /* Base */ = {isa = PBXFileReference; lastKnownFileType = file.storyboard; name = Base; path = Base.lproj/LaunchScreen.storyboard; sourceTree = "<group>"; };
		3E89EB951D5A340000C67445 /* Info.plist */ = {isa = PBXFileReference; lastKnownFileType = text.plist.xml; path = Info.plist; sourceTree = "<group>"; };
		3E89EB9A1D5A340000C67445 /* NumberDialerTests.xctest */ = {isa = PBXFileReference; explicitFileType = wrapper.cfbundle; includeInIndex = 0; path = NumberDialerTests.xctest; sourceTree = BUILT_PRODUCTS_DIR; };
		3E89EB9E1D5A340000C67445 /* NumberDialerTests.swift */ = {isa = PBXFileReference; lastKnownFileType = sourcecode.swift; path = NumberDialerTests.swift; sourceTree = "<group>"; };
		3E89EBA01D5A340000C67445 /* Info.plist */ = {isa = PBXFileReference; lastKnownFileType = text.plist.xml; path = Info.plist; sourceTree = "<group>"; };
		3E89EBA51D5A340000C67445 /* NumberDialerUITests.xctest */ = {isa = PBXFileReference; explicitFileType = wrapper.cfbundle; includeInIndex = 0; path = NumberDialerUITests.xctest; sourceTree = BUILT_PRODUCTS_DIR; };
		3E89EBA91D5A340000C67445 /* NumberDialerUITests.swift */ = {isa = PBXFileReference; lastKnownFileType = sourcecode.swift; path = NumberDialerUITests.swift; sourceTree = "<group>"; };
		3E89EBAB1D5A340000C67445 /* Info.plist */ = {isa = PBXFileReference; lastKnownFileType = text.plist.xml; path = Info.plist; sourceTree = "<group>"; };
/* End PBXFileReference section */

/* Begin PBXFrameworksBuildPhase section */
		3E89EB801D5A340000C67445 /* Frameworks */ = {
			isa = PBXFrameworksBuildPhase;
			buildActionMask = 2147483647;
			files = (
			);
			runOnlyForDeploymentPostprocessing = 0;
		};
		3E89EB971D5A340000C67445 /* Frameworks */ = {
			isa = PBXFrameworksBuildPhase;
			buildActionMask = 2147483647;
			files = (
			);
			runOnlyForDeploymentPostprocessing = 0;
		};
		3E89EBA21D5A340000C67445 /* Frameworks */ = {
			isa = PBXFrameworksBuildPhase;
			buildActionMask = 2147483647;
			files = (
			);
			runOnlyForDeploymentPostprocessing = 0;
		};
/* End PBXFrameworksBuildPhase section */

/* Begin PBXGroup section */
		3E89EB7A1D5A340000C67445 = {
			isa = PBXGroup;
			children = (
				3E89EB851D5A340000C67445 /* NumberDialer */,
				3E89EB9D1D5A340000C67445 /* NumberDialerTests */,
				3E89EBA81D5A340000C67445 /* NumberDialerUITests */,
				3E89EB841D5A340000C67445 /* Products */,
			);
			sourceTree = "<group>";
		};
		3E89EB841D5A340000C67445 /* Products */ = {
			isa = PBXGroup;
			children = (
				3E89EB831D5A340000C67445 /* NumberDialer.app */,
				3E89EB9A1D5A340000C67445 /* NumberDialerTests.xctest */,
				3E89EBA51D5A340000C67445 /* NumberDialerUITests.xctest */,
			);
			name = Products;
			sourceTree = "<group>";
		};
		3E89EB851D5A340000C67445 /* NumberDialer */ = {
			isa = PBXGroup;
			children = (
				3E89EB861D5A340000C67445 /* AppDelegate.swift */,
				3E89EB881D5A340000C67445 /* ViewController.swift */,
				3E89EB8A1D5A340000C67445 /* Main.storyboard */,
				3E89EB901D5A340000C67445 /* Assets.xcassets */,
				3E89EB921D5A340000C67445 /* LaunchScreen.storyboard */,
				3E89EB951D5A340000C67445 /* Info.plist */,
				3E89EB8D1D5A340000C67445 /* NumberDialer.xcdatamodeld */,
			);
			path = NumberDialer;
			sourceTree = "<group>";
		};
		3E89EB9D1D5A340000C67445 /* NumberDialerTests */ = {
			isa = PBXGroup;
			children = (
				3E89EB9E1D5A340000C67445 /* NumberDialerTests.swift */,
				3E89EBA01D5A340000C67445 /* Info.plist */,
			);
			path = NumberDialerTests;
			sourceTree = "<group>";
		};
		3E89EBA81D5A340000C67445 /* NumberDialerUITests */ = {
			isa = PBXGroup;
			children = (
				3E89EBA91D5A340000C67445 /* NumberDialerUITests.swift */,
				3E89EBAB1D5A340000C67445 /* Info.plist */,
			);
			path = NumberDialerUITests;
			sourceTree = "<group>";
		};
/* End PBXGroup section */

/* Begin PBXNativeTarget section */
		3E89EB821D5A340000C67445 /* NumberDialer */ = {
			isa = PBXNativeTarget;
			buildConfigurationList = 3E89EBAE1D5A340000C67445 /* Build configuration list for PBXNativeTarget "NumberDialer" */;
			buildPhases = (
				3E89EB7F1D5A340000C67445 /* Sources */,
				3E89EB801D5A340000C67445 /* Frameworks */,
				3E89EB811D5A340000C67445 /* Resources */,
			);
			buildRules = (
			);
			dependencies = (
			);
			name = NumberDialer;
			productName = NumberDialer;
			productReference = 3E89EB831D5A340000C67445 /* NumberDialer.app */;
			productType = "com.apple.product-type.application";
		};
		3E89EB991D5A340000C67445 /* NumberDialerTests */ = {
			isa = PBXNativeTarget;
			buildConfigurationList = 3E89EBB11D5A340000C67445 /* Build configuration list for PBXNativeTarget "NumberDialerTests" */;
			buildPhases = (
				3E89EB961D5A340000C67445 /* Sources */,
				3E89EB971D5A340000C67445 /* Frameworks */,
				3E89EB981D5A340000C67445 /* Resources */,
			);
			buildRules = (
			);
			dependencies = (
				3E89EB9C1D5A340000C67445 /* PBXTargetDependency */,
			);
			name = NumberDialerTests;
			productName = NumberDialerTests;
			productReference = 3E89EB9A1D5A340000C67445 /* NumberDialerTests.xctest */;
			productType = "com.apple.product-type.bundle.unit-test";
		};
		3E89EBA41D5A340000C67445 /* NumberDialerUITests */ = {
			isa = PBXNativeTarget;
			buildConfigurationList = 3E89EBB41D5A340000C67445 /* Build configuration list for PBXNativeTarget "NumberDialerUITests" */;
			buildPhases = (
				3E89EBA11D5A340000C67445 /* Sources */,
				3E89EBA21D5A340000C67445 /* Frameworks */,
				3E89EBA31D5A340000C67445 /* Resources */,
			);
			buildRules = (
			);
			dependencies = (
				3E89EBA71D5A340000C67445 /* PBXTargetDependency */,
			);
			name = NumberDialerUITests;
			productName = NumberDialerUITests;
			productReference = 3E89EBA51D5A340000C67445 /* NumberDialerUITests.xctest */;
			productType = "com.apple.product-type.bundle.ui-testing";
		};
/* End PBXNativeTarget section */

/* Begin PBXProject section */
		3E89EB7B1D5A340000C67445 /* Project object */ = {
			isa = PBXProject;
			attributes = {
				LastSwiftUpdateCheck = 0730;
				LastUpgradeCheck = 0730;
				ORGANIZATIONNAME = "Rishu Goel";
				TargetAttributes = {
					3E89EB821D5A340000C67445 = {
						CreatedOnToolsVersion = 7.3.1;
					};
					3E89EB991D5A340000C67445 = {
						CreatedOnToolsVersion = 7.3.1;
						TestTargetID = 3E89EB821D5A340000C67445;
					};
					3E89EBA41D5A340000C67445 = {
						CreatedOnToolsVersion = 7.3.1;
						TestTargetID = 3E89EB821D5A340000C67445;
					};
				};
			};
			buildConfigurationList = 3E89EB7E1D5A340000C67445 /* Build configuration list for PBXProject "NumberDialer" */;
			compatibilityVersion = "Xcode 3.2";
			developmentRegion = English;
			hasScannedForEncodings = 0;
			knownRegions = (
				en,
				Base,
			);
			mainGroup = 3E89EB7A1D5A340000C67445;
			productRefGroup = 3E89EB841D5A340000C67445 /* Products */;
			projectDirPath = "";
			projectRoot = "";
			targets = (
				3E89EB821D5A340000C67445 /* NumberDialer */,
				3E89EB991D5A340000C67445 /* NumberDialerTests */,
				3E89EBA41D5A340000C67445 /* NumberDialerUITests */,
			);
		};
/* End PBXProject section */

/* Begin PBXResourcesBuildPhase section */
		3E89EB811D5A340000C67445 /* Resources */ = {
			isa = PBXResourcesBuildPhase;
			buildActionMask = 2147483647;
			files = (
				3E89EB941D5A340000C67445 /* LaunchScreen.storyboard in Resources */,
				3E89EB911D5A340000C67445 /* Assets.xcassets in Resources */,
				3E89EB8C1D5A340000C67445 /* Main.storyboard in Resources */,
			);
			runOnlyForDeploymentPostprocessing = 0;
		};
		3E89EB981D5A340000C67445 /* Resources */ = {
			isa = PBXResourcesBuildPhase;
			buildActionMask = 2147483647;
			files = (
			);
			runOnlyForDeploymentPostprocessing = 0;
		};
		3E89EBA31D5A340000C67445 /* Resources */ = {
			isa = PBXResourcesBuildPhase;
			buildActionMask = 2147483647;
			files = (
			);
			runOnlyForDeploymentPostprocessing = 0;
		};
/* End PBXResourcesBuildPhase section */

/* Begin PBXSourcesBuildPhase section */
		3E89EB7F1D5A340000C67445 /* Sources */ = {
			isa = PBXSourcesBuildPhase;
			buildActionMask = 2147483647;
			files = (
				3E89EB8F1D5A340000C67445 /* NumberDialer.xcdatamodeld in Sources */,
				3E89EB891D5A340000C67445 /* ViewController.swift in Sources */,
				3E89EB871D5A340000C67445 /* AppDelegate.swift in Sources */,
			);
			runOnlyForDeploymentPostprocessing = 0;
		};
		3E89EB961D5A340000C67445 /* Sources */ = {
			isa = PBXSourcesBuildPhase;
			buildActionMask = 2147483647;
			files = (
				3E89EB9F1D5A340000C67445 /* NumberDialerTests.swift in Sources */,
			);
			runOnlyForDeploymentPostprocessing = 0;
		};
		3E89EBA11D5A340000C67445 /* Sources */ = {
			isa = PBXSourcesBuildPhase;
			buildActionMask = 2147483647;
			files = (
				3E89EBAA1D5A340000C67445 /* NumberDialerUITests.swift in Sources */,
			);
			runOnlyForDeploymentPostprocessing = 0;
		};
/* End PBXSourcesBuildPhase section */

/* Begin PBXTargetDependency section */
		3E89EB9C1D5A340000C67445 /* PBXTargetDependency */ = {
			isa = PBXTargetDependency;
			target = 3E89EB821D5A340000C67445 /* NumberDialer */;
			targetProxy = 3E89EB9B1D5A340000C67445 /* PBXContainerItemProxy */;
		};
		3E89EBA71D5A340000C67445 /* PBXTargetDependency */ = {
			isa = PBXTargetDependency;
			target = 3E89EB821D5A340000C67445 /* NumberDialer */;
			targetProxy = 3E89EBA61D5A340000C67445 /* PBXContainerItemProxy */;
		};
/* End PBXTargetDependency section */

/* Begin PBXVariantGroup section */
		3E89EB8A1D5A340000C67445 /* Main.storyboard */ = {
			isa = PBXVariantGroup;
			children = (
				3E89EB8B1D5A340000C67445 /* Base */,
			);
			name = Main.storyboard;
			sourceTree = "<group>";
		};
		3E89EB921D5A340000C67445 /* LaunchScreen.storyboard */ = {
			isa = PBXVariantGroup;
			children = (
				3E89EB931D5A340000C67445 /* Base */,
			);
			name = LaunchScreen.storyboard;
			sourceTree = "<group>";
		};
/* End PBXVariantGroup section */

/* Begin XCBuildConfiguration section */
		3E89EBAC1D5A340000C67445 /* Debug */ = {
			isa = XCBuildConfiguration;
			buildSettings = {
				ALWAYS_SEARCH_USER_PATHS = NO;
				CLANG_ANALYZER_NONNULL = YES;
				CLANG_CXX_LANGUAGE_STANDARD = "gnu++0x";
				CLANG_CXX_LIBRARY = "libc++";
				CLANG_ENABLE_MODULES = YES;
				CLANG_ENABLE_OBJC_ARC = YES;
				CLANG_WARN_BOOL_CONVERSION = YES;
				CLANG_WARN_CONSTANT_CONVERSION = YES;
				CLANG_WARN_DIRECT_OBJC_ISA_USAGE = YES_ERROR;
				CLANG_WARN_EMPTY_BODY = YES;
				CLANG_WARN_ENUM_CONVERSION = YES;
				CLANG_WARN_INT_CONVERSION = YES;
				CLANG_WARN_OBJC_ROOT_CLASS = YES_ERROR;
				CLANG_WARN_UNREACHABLE_CODE = YES;
				CLANG_WARN__DUPLICATE_METHOD_MATCH = YES;
				"CODE_SIGN_IDENTITY[sdk=iphoneos*]" = "iPhone Developer";
				COPY_PHASE_STRIP = NO;
				DEBUG_INFORMATION_FORMAT = dwarf;
				ENABLE_STRICT_OBJC_MSGSEND = YES;
				ENABLE_TESTABILITY = YES;
				GCC_C_LANGUAGE_STANDARD = gnu99;
				GCC_DYNAMIC_NO_PIC = NO;
				GCC_NO_COMMON_BLOCKS = YES;
				GCC_OPTIMIZATION_LEVEL = 0;
				GCC_PREPROCESSOR_DEFINITIONS = (
					"DEBUG=1",
					"$(inherited)",
				);
				GCC_WARN_64_TO_32_BIT_CONVERSION = YES;
				GCC_WARN_ABOUT_RETURN_TYPE = YES_ERROR;
				GCC_WARN_UNDECLARED_SELECTOR = YES;
				GCC_WARN_UNINITIALIZED_AUTOS = YES_AGGRESSIVE;
				GCC_WARN_UNUSED_FUNCTION = YES;
				GCC_WARN_UNUSED_VARIABLE = YES;
				IPHONEOS_DEPLOYMENT_TARGET = 9.3;
				MTL_ENABLE_DEBUG_INFO = YES;
				ONLY_ACTIVE_ARCH = YES;
				SDKROOT = iphoneos;
				SWIFT_OPTIMIZATION_LEVEL = "-Onone";
				TARGETED_DEVICE_FAMILY = "1,2";
			};
			name = Debug;
		};
		3E89EBAD1D5A340000C67445 /* Release */ = {
			isa = XCBuildConfiguration;
			buildSettings = {
				ALWAYS_SEARCH_USER_PATHS = NO;
				CLANG_ANALYZER_NONNULL = YES;
				CLANG_CXX_LANGUAGE_STANDARD = "gnu++0x";
				CLANG_CXX_LIBRARY = "libc++";
				CLANG_ENABLE_MODULES = YES;
				CLANG_ENABLE_OBJC_ARC = YES;
				CLANG_WARN_BOOL_CONVERSION = YES;
				CLANG_WARN_CONSTANT_CONVERSION = YES;
				CLANG_WARN_DIRECT_OBJC_ISA_USAGE = YES_ERROR;
				CLANG_WARN_EMPTY_BODY = YES;
				CLANG_WARN_ENUM_CONVERSION = YES;
				CLANG_WARN_INT_CONVERSION = YES;
				CLANG_WARN_OBJC_ROOT_CLASS = YES_ERROR;
				CLANG_WARN_UNREACHABLE_CODE = YES;
				CLANG_WARN__DUPLICATE_METHOD_MATCH = YES;
				"CODE_SIGN_IDENTITY[sdk=iphoneos*]" = "iPhone Developer";
				COPY_PHASE_STRIP = NO;
				DEBUG_INFORMATION_FORMAT = "dwarf-with-dsym";
				ENABLE_NS_ASSERTIONS = NO;
				ENABLE_STRICT_OBJC_MSGSEND = YES;
				GCC_C_LANGUAGE_STANDARD = gnu99;
				GCC_NO_COMMON_BLOCKS = YES;
				GCC_WARN_64_TO_32_BIT_CONVERSION = YES;
				GCC_WARN_ABOUT_RETURN_TYPE = YES_ERROR;
				GCC_WARN_UNDECLARED_SELECTOR = YES;
				GCC_WARN_UNINITIALIZED_AUTOS = YES_AGGRESSIVE;
				GCC_WARN_UNUSED_FUNCTION = YES;
				GCC_WARN_UNUSED_VARIABLE = YES;
				IPHONEOS_DEPLOYMENT_TARGET = 9.3;
				MTL_ENABLE_DEBUG_INFO = NO;
				SDKROOT = iphoneos;
				TARGETED_DEVICE_FAMILY = "1,2";
				VALIDATE_PRODUCT = YES;
			};
			name = Release;
		};
		3E89EBAF1D5A340000C67445 /* Debug */ = {
			isa = XCBuildConfiguration;
			buildSettings = {
				ASSETCATALOG_COMPILER_APPICON_NAME = AppIcon;
				INFOPLIST_FILE = NumberDialer/Info.plist;
				LD_RUNPATH_SEARCH_PATHS = "$(inherited) @executable_path/Frameworks";
				PRODUCT_BUNDLE_IDENTIFIER = Practo.NumberDialer;
				PRODUCT_NAME = "$(TARGET_NAME)";
			};
			name = Debug;
		};
		3E89EBB01D5A340000C67445 /* Release */ = {
			isa = XCBuildConfiguration;
			buildSettings = {
				ASSETCATALOG_COMPILER_APPICON_NAME = AppIcon;
				INFOPLIST_FILE = NumberDialer/Info.plist;
				LD_RUNPATH_SEARCH_PATHS = "$(inherited) @executable_path/Frameworks";
				PRODUCT_BUNDLE_IDENTIFIER = Practo.NumberDialer;
				PRODUCT_NAME = "$(TARGET_NAME)";
			};
			name = Release;
		};
		3E89EBB21D5A340000C67445 /* Debug */ = {
			isa = XCBuildConfiguration;
			buildSettings = {
				BUNDLE_LOADER = "$(TEST_HOST)";
				INFOPLIST_FILE = NumberDialerTests/Info.plist;
				LD_RUNPATH_SEARCH_PATHS = "$(inherited) @executable_path/Frameworks @loader_path/Frameworks";
				PRODUCT_BUNDLE_IDENTIFIER = Practo.NumberDialerTests;
				PRODUCT_NAME = "$(TARGET_NAME)";
				TEST_HOST = "$(BUILT_PRODUCTS_DIR)/NumberDialer.app/NumberDialer";
			};
			name = Debug;
		};
		3E89EBB31D5A340000C67445 /* Release */ = {
			isa = XCBuildConfiguration;
			buildSettings = {
				BUNDLE_LOADER = "$(TEST_HOST)";
				INFOPLIST_FILE = NumberDialerTests/Info.plist;
				LD_RUNPATH_SEARCH_PATHS = "$(inherited) @executable_path/Frameworks @loader_path/Frameworks";
				PRODUCT_BUNDLE_IDENTIFIER = Practo.NumberDialerTests;
				PRODUCT_NAME = "$(TARGET_NAME)";
				TEST_HOST = "$(BUILT_PRODUCTS_DIR)/NumberDialer.app/NumberDialer";
			};
			name = Release;
		};
		3E89EBB51D5A340000C67445 /* Debug */ = {
			isa = XCBuildConfiguration;
			buildSettings = {
				INFOPLIST_FILE = NumberDialerUITests/Info.plist;
				LD_RUNPATH_SEARCH_PATHS = "$(inherited) @executable_path/Frameworks @loader_path/Frameworks";
				PRODUCT_BUNDLE_IDENTIFIER = Practo.NumberDialerUITests;
				PRODUCT_NAME = "$(TARGET_NAME)";
				TEST_TARGET_NAME = NumberDialer;
			};
			name = Debug;
		};
		3E89EBB61D5A340000C67445 /* Release */ = {
			isa = XCBuildConfiguration;
			buildSettings = {
				INFOPLIST_FILE = NumberDialerUITests/Info.plist;
				LD_RUNPATH_SEARCH_PATHS = "$(inherited) @executable_path/Frameworks @loader_path/Frameworks";
				PRODUCT_BUNDLE_IDENTIFIER = Practo.NumberDialerUITests;
				PRODUCT_NAME = "$(TARGET_NAME)";
				TEST_TARGET_NAME = NumberDialer;
			};
			name = Release;
		};
/* End XCBuildConfiguration section */

/* Begin XCConfigurationList section */
		3E89EB7E1D5A340000C67445 /* Build configuration list for PBXProject "NumberDialer" */ = {
			isa = XCConfigurationList;
			buildConfigurations = (
				3E89EBAC1D5A340000C67445 /* Debug */,
				3E89EBAD1D5A340000C67445 /* Release */,
			);
			defaultConfigurationIsVisible = 0;
			defaultConfigurationName = Release;
		};
		3E89EBAE1D5A340000C67445 /* Build configuration list for PBXNativeTarget "NumberDialer" */ = {
			isa = XCConfigurationList;
			buildConfigurations = (
				3E89EBAF1D5A340000C67445 /* Debug */,
				3E89EBB01D5A340000C67445 /* Release */,
			);
			defaultConfigurationIsVisible = 0;
		};
		3E89EBB11D5A340000C67445 /* Build configuration list for PBXNativeTarget "NumberDialerTests" */ = {
			isa = XCConfigurationList;
			buildConfigurations = (
				3E89EBB21D5A340000C67445 /* Debug */,
				3E89EBB31D5A340000C67445 /* Release */,
			);
			defaultConfigurationIsVisible = 0;
		};
		3E89EBB41D5A340000C67445 /* Build configuration list for PBXNativeTarget "NumberDialerUITests" */ = {
			isa = XCConfigurationList;
			buildConfigurations = (
				3E89EBB51D5A340000C67445 /* Debug */,
				3E89EBB61D5A340000C67445 /* Release */,
			);
			defaultConfigurationIsVisible = 0;
		};
/* End XCConfigurationList section */

/* Begin XCVersionGroup section */
		3E89EB8D1D5A340000C67445 /* NumberDialer.xcdatamodeld */ = {
			isa = XCVersionGroup;
			children = (
				3E89EB8E1D5A340000C67445 /* NumberDialer.xcdatamodel */,
			);
			currentVersion = 3E89EB8E1D5A340000C67445 /* NumberDialer.xcdatamodel */;
			path = NumberDialer.xcdatamodeld;
			sourceTree = "<group>";
			versionGroupType = wrapper.xcdatamodel;
		};
/* End XCVersionGroup section */
	};
	rootObject = 3E89EB7B1D5A340000C67445 /* Project object */;
}
